
Microsoft Visual Studio Solution File, Format Version 12.00
# Visual Studio Version 16
VisualStudioVersion = 25.0.1706.0
MinimumVisualStudioVersion = 10.0.40219.1
Project("{FAE04EC0-301F-11D3-BF4B-00C04F79EFBC}") = "JS.AMSWeb", "JS.AMSWeb\JS.AMSWeb.csproj", "{5D2B578A-1590-4A68-8FA9-76879530CB33}"
EndProject
Project("{FAE04EC0-301F-11D3-BF4B-00C04F79EFBC}") = "JS.AMS.Data", "JS.AMS.Data\JS.AMS.Data.csproj", "{8FD993B8-C3C2-4BCF-A447-A9F54F216AB0}"
EndProject
Global
	GlobalSection(SolutionConfigurationPlatforms) = preSolution
		Debug|Any CPU = Debug|Any CPU
		Release|Any CPU = Release|Any CPU
	EndGlobalSection
	GlobalSection(ProjectConfigurationPlatforms) = postSolution
		{5D2B578A-1590-4A68-8FA9-76879530CB33}.Debug|Any CPU.ActiveCfg = Debug|Any CPU
		{5D2B578A-1590-4A68-8FA9-76879530CB33}.Debug|Any CPU.Build.0 = Debug|Any CPU
		{5D2B578A-1590-4A68-8FA9-76879530CB33}.Release|Any CPU.ActiveCfg = Release|Any CPU
		{5D2B578A-1590-4A68-8FA9-76879530CB33}.Release|Any CPU.Build.0 = Release|Any CPU
		{8FD993B8-C3C2-4BCF-A447-A9F54F216AB0}.Debug|Any CPU.ActiveCfg = Debug|Any CPU
		{8FD993B8-C3C2-4BCF-A447-A9F54F216AB0}.Debug|Any CPU.Build.0 = Debug|Any CPU
		{8FD993B8-C3C2-4BCF-A447-A9F54F216AB0}.Release|Any CPU.ActiveCfg = Release|Any CPU
		{8FD993B8-C3C2-4BCF-A447-A9F54F216AB0}.Release|Any CPU.Build.0 = Release|Any CPU
	EndGlobalSection
	GlobalSection(SolutionProperties) = preSolution
		HideSolutionNode = FALSE
	EndGlobalSection
	GlobalSection(ExtensibilityGlobals) = postSolution
		SolutionGuid = {828EF7B8-64FC-4081-89B2-C9A074E74298}
	EndGlobalSection
EndGlobal
